// !$*UTF8*$!
{
	archiveVersion = 1;
	classes = {
	};
	objectVersion = 46;
	objects = {

/* Begin PBXBuildFile section */
		EF0BED311D55055A007A5819 /* test.c in Sources */ = {isa = PBXBuildFile; fileRef = EF0BED301D55055A007A5819 /* test.c */; };
		EFA5B83A1D4B31A000F39067 /* main.c in Sources */ = {isa = PBXBuildFile; fileRef = EFA5B8391D4B31A000F39067 /* main.c */; };
/* End PBXBuildFile section */

/* Begin PBXCopyFilesBuildPhase section */
		EFA5B8341D4B31A000F39067 /* CopyFiles */ = {
			isa = PBXCopyFilesBuildPhase;
			buildActionMask = 2147483647;
			dstPath = /usr/share/man/man1/;
			dstSubfolderSpec = 0;
			files = (
			);
			runOnlyForDeploymentPostprocessing = 1;
		};
/* End PBXCopyFilesBuildPhase section */

/* Begin PBXFileReference section */
		EF0BED301D55055A007A5819 /* test.c */ = {isa = PBXFileReference; fileEncoding = 4; lastKnownFileType = sourcecode.c.c; path = test.c; sourceTree = "<group>"; };
		EFA5B8361D4B31A000F39067 /* Linked_Lists */ = {isa = PBXFileReference; explicitFileType = "compiled.mach-o.executable"; includeInIndex = 0; path = Linked_Lists; sourceTree = BUILT_PRODUCTS_DIR; };
		EFA5B8391D4B31A000F39067 /* main.c */ = {isa = PBXFileReference; lastKnownFileType = sourcecode.c.c; path = main.c; sourceTree = "<group>"; };
/* End PBXFileReference section */

/* Begin PBXFrameworksBuildPhase section */
		EFA5B8331D4B31A000F39067 /* Frameworks */ = {
			isa = PBXFrameworksBuildPhase;
			buildActionMask = 2147483647;
			files = (
			);
			runOnlyForDeploymentPostprocessing = 0;
		};
/* End PBXFrameworksBuildPhase section */

/* Begin PBXGroup section */
		EFA5B82D1D4B31A000F39067 = {
			isa = PBXGroup;
			children = (
				EFA5B8381D4B31A000F39067 /* Linked_Lists */,
				EFA5B8371D4B31A000F39067 /* Products */,
			);
			sourceTree = "<group>";
		};
		EFA5B8371D4B31A000F39067 /* Products */ = {
			isa = PBXGroup;
			children = (
				EFA5B8361D4B31A000F39067 /* Linked_Lists */,
			);
			name = Products;
			sourceTree = "<group>";
		};
		EFA5B8381D4B31A000F39067 /* Linked_Lists */ = {
			isa = PBXGroup;
			children = (
				EF0BED301D55055A007A5819 /* test.c */,
				EFA5B8391D4B31A000F39067 /* main.c */,
			);
			path = Linked_Lists;
			sourceTree = "<group>";
		};
/* End PBXGroup section */

/* Begin PBXNativeTarget section */
		EFA5B8351D4B31A000F39067 /* Linked_Lists */ = {
			isa = PBXNativeTarget;
			buildConfigurationList = EFA5B83D1D4B31A000F39067 /* Build configuration list for PBXNativeTarget "Linked_Lists" */;
			buildPhases = (
				EFA5B8321D4B31A000F39067 /* Sources */,
				EFA5B8331D4B31A000F39067 /* Frameworks */,
				EFA5B8341D4B31A000F39067 /* CopyFiles */,
			);
			buildRules = (
			);
			dependencies = (
			);
			name = Linked_Lists;
			productName = Linked_Lists;
			productReference = EFA5B8361D4B31A000F39067 /* Linked_Lists */;
			productType = "com.apple.product-type.tool";
		};
/* End PBXNativeTarget section */

/* Begin PBXProject section */
		EFA5B82E1D4B31A000F39067 /* Project object */ = {
			isa = PBXProject;
			attributes = {
				LastUpgradeCheck = 0730;
				ORGANIZATIONNAME = "Tuhin Khare";
				TargetAttributes = {
					EFA5B8351D4B31A000F39067 = {
						CreatedOnToolsVersion = 7.3.1;
					};
				};
			};
			buildConfigurationList = EFA5B8311D4B31A000F39067 /* Build configuration list for PBXProject "Linked_Lists" */;
			compatibilityVersion = "Xcode 3.2";
			developmentRegion = English;
			hasScannedForEncodings = 0;
			knownRegions = (
				en,
			);
			mainGroup = EFA5B82D1D4B31A000F39067;
			productRefGroup = EFA5B8371D4B31A000F39067 /* Products */;
			projectDirPath = "";
			projectRoot = "";
			targets = (
				EFA5B8351D4B31A000F39067 /* Linked_Lists */,
			);
		};
/* End PBXProject section */

/* Begin PBXSourcesBuildPhase section */
		EFA5B8321D4B31A000F39067 /* Sources */ = {
			isa = PBXSourcesBuildPhase;
			buildActionMask = 2147483647;
			files = (
				EF0BED311D55055A007A5819 /* test.c in Sources */,
				EFA5B83A1D4B31A000F39067 /* main.c in Sources */,
			);
			runOnlyForDeploymentPostprocessing = 0;
		};
/* End PBXSourcesBuildPhase section */

/* Begin XCBuildConfiguration section */
		EFA5B83B1D4B31A000F39067 /* Debug */ = {
			isa = XCBuildConfiguration;
			buildSettings = {
				ALWAYS_SEARCH_USER_PATHS = NO;
				CLANG_ANALYZER_NONNULL = YES;
				CLANG_CXX_LANGUAGE_STANDARD = "gnu++0x";
				CLANG_CXX_LIBRARY = "libc++";
				CLANG_ENABLE_MODULES = YES;
				CLANG_ENABLE_OBJC_ARC = YES;
				CLANG_WARN_BOOL_CONVERSION = YES;
				CLANG_WARN_CONSTANT_CONVERSION = YES;
				CLANG_WARN_DIRECT_OBJC_ISA_USAGE = YES_ERROR;
				CLANG_WARN_EMPTY_BODY = YES;
				CLANG_WARN_ENUM_CONVERSION = YES;
				CLANG_WARN_INT_CONVERSION = YES;
				CLANG_WARN_OBJC_ROOT_CLASS = YES_ERROR;
				CLANG_WARN_UNREACHABLE_CODE = YES;
				CLANG_WARN__DUPLICATE_METHOD_MATCH = YES;
				CODE_SIGN_IDENTITY = "-";
				COPY_PHASE_STRIP = NO;
				DEBUG_INFORMATION_FORMAT = dwarf;
				ENABLE_STRICT_OBJC_MSGSEND = YES;
				ENABLE_TESTABILITY = YES;
				GCC_C_LANGUAGE_STANDARD = gnu99;
				GCC_DYNAMIC_NO_PIC = NO;
				GCC_NO_COMMON_BLOCKS = YES;
				GCC_OPTIMIZATION_LEVEL = 0;
				GCC_PREPROCESSOR_DEFINITIONS = (
					"DEBUG=1",
					"$(inherited)",
				);
				GCC_WARN_64_TO_32_BIT_CONVERSION = YES;
				GCC_WARN_ABOUT_RETURN_TYPE = YES_ERROR;
				GCC_WARN_UNDECLARED_SELECTOR = YES;
				GCC_WARN_UNINITIALIZED_AUTOS = YES_AGGRESSIVE;
				GCC_WARN_UNUSED_FUNCTION = YES;
				GCC_WARN_UNUSED_VARIABLE = YES;
				MACOSX_DEPLOYMENT_TARGET = 10.11;
				MTL_ENABLE_DEBUG_INFO = YES;
				ONLY_ACTIVE_ARCH = YES;
				SDKROOT = macosx;
			};
			name = Debug;
		};
		EFA5B83C1D4B31A000F39067 /* Release */ = {
			isa = XCBuildConfiguration;
			buildSettings = {
				ALWAYS_SEARCH_USER_PATHS = NO;
				CLANG_ANALYZER_NONNULL = YES;
				CLANG_CXX_LANGUAGE_STANDARD = "gnu++0x";
				CLANG_CXX_LIBRARY = "libc++";
				CLANG_ENABLE_MODULES = YES;
				CLANG_ENABLE_OBJC_ARC = YES;
				CLANG_WARN_BOOL_CONVERSION = YES;
				CLANG_WARN_CONSTANT_CONVERSION = YES;
				CLANG_WARN_DIRECT_OBJC_ISA_USAGE = YES_ERROR;
				CLANG_WARN_EMPTY_BODY = YES;
				CLANG_WARN_ENUM_CONVERSION = YES;
				CLANG_WARN_INT_CONVERSION = YES;
				CLANG_WARN_OBJC_ROOT_CLASS = YES_ERROR;
				CLANG_WARN_UNREACHABLE_CODE = YES;
				CLANG_WARN__DUPLICATE_METHOD_MATCH = YES;
				CODE_SIGN_IDENTITY = "-";
				COPY_PHASE_STRIP = NO;
				DEBUG_INFORMATION_FORMAT = "dwarf-with-dsym";
				ENABLE_NS_ASSERTIONS = NO;
				ENABLE_STRICT_OBJC_MSGSEND = YES;
				GCC_C_LANGUAGE_STANDARD = gnu99;
				GCC_NO_COMMON_BLOCKS = YES;
				GCC_WARN_64_TO_32_BIT_CONVERSION = YES;
				GCC_WARN_ABOUT_RETURN_TYPE = YES_ERROR;
				GCC_WARN_UNDECLARED_SELECTOR = YES;
				GCC_WARN_UNINITIALIZED_AUTOS = YES_AGGRESSIVE;
				GCC_WARN_UNUSED_FUNCTION = YES;
				GCC_WARN_UNUSED_VARIABLE = YES;
				MACOSX_DEPLOYMENT_TARGET = 10.11;
				MTL_ENABLE_DEBUG_INFO = NO;
				SDKROOT = macosx;
			};
			name = Release;
		};
		EFA5B83E1D4B31A000F39067 /* Debug */ = {
			isa = XCBuildConfiguration;
			buildSettings = {
				PRODUCT_NAME = "$(TARGET_NAME)";
			};
			name = Debug;
		};
		EFA5B83F1D4B31A000F39067 /* Release */ = {
			isa = XCBuildConfiguration;
			buildSettings = {
				PRODUCT_NAME = "$(TARGET_NAME)";
			};
			name = Release;
		};
/* End XCBuildConfiguration section */

/* Begin XCConfigurationList section */
		EFA5B8311D4B31A000F39067 /* Build configuration list for PBXProject "Linked_Lists" */ = {
			isa = XCConfigurationList;
			buildConfigurations = (
				EFA5B83B1D4B31A000F39067 /* Debug */,
				EFA5B83C1D4B31A000F39067 /* Release */,
			);
			defaultConfigurationIsVisible = 0;
			defaultConfigurationName = Release;
		};
		EFA5B83D1D4B31A000F39067 /* Build configuration list for PBXNativeTarget "Linked_Lists" */ = {
			isa = XCConfigurationList;
			buildConfigurations = (
				EFA5B83E1D4B31A000F39067 /* Debug */,
				EFA5B83F1D4B31A000F39067 /* Release */,
			);
			defaultConfigurationIsVisible = 0;
			defaultConfigurationName = Release;
		};
/* End XCConfigurationList section */
	};
	rootObject = EFA5B82E1D4B31A000F39067 /* Project object */;
}
